
Microsoft Visual Studio Solution File, Format Version 12.00
# Visual Studio Version 17
VisualStudioVersion = 17.2.32516.85
MinimumVisualStudioVersion = 10.0.40219.1
Project("{FAE04EC0-301F-11D3-BF4B-00C04F79EFBC}") = "ModuloAutenticacao.Desktop", "ModuloAutenticacao.Desktop\ModuloAutenticacao.Desktop.csproj", "{9C87F0AA-EB23-4737-B5E0-FC4D1E214B1A}"
EndProject
Project("{FAE04EC0-301F-11D3-BF4B-00C04F79EFBC}") = "ModuloAutenticacao.Classes", "ModuloAutenticacao.Classes\ModuloAutenticacao.Classes.csproj", "{B944E3AD-E485-4AE4-8CC7-68D1F7240865}"
EndProject
Global
	GlobalSection(SolutionConfigurationPlatforms) = preSolution
		Debug|Any CPU = Debug|Any CPU
		Release|Any CPU = Release|Any CPU
	EndGlobalSection
	GlobalSection(ProjectConfigurationPlatforms) = postSolution
		{9C87F0AA-EB23-4737-B5E0-FC4D1E214B1A}.Debug|Any CPU.ActiveCfg = Debug|Any CPU
		{9C87F0AA-EB23-4737-B5E0-FC4D1E214B1A}.Debug|Any CPU.Build.0 = Debug|Any CPU
		{9C87F0AA-EB23-4737-B5E0-FC4D1E214B1A}.Release|Any CPU.ActiveCfg = Release|Any CPU
		{9C87F0AA-EB23-4737-B5E0-FC4D1E214B1A}.Release|Any CPU.Build.0 = Release|Any CPU
		{B944E3AD-E485-4AE4-8CC7-68D1F7240865}.Debug|Any CPU.ActiveCfg = Debug|Any CPU
		{B944E3AD-E485-4AE4-8CC7-68D1F7240865}.Debug|Any CPU.Build.0 = Debug|Any CPU
		{B944E3AD-E485-4AE4-8CC7-68D1F7240865}.Release|Any CPU.ActiveCfg = Release|Any CPU
		{B944E3AD-E485-4AE4-8CC7-68D1F7240865}.Release|Any CPU.Build.0 = Release|Any CPU
	EndGlobalSection
	GlobalSection(SolutionProperties) = preSolution
		HideSolutionNode = FALSE
	EndGlobalSection
	GlobalSection(ExtensibilityGlobals) = postSolution
		SolutionGuid = {2A886089-E0A3-4852-8CE8-3FEBBE9CAB3D}
	EndGlobalSection
EndGlobal
